
Microsoft Visual Studio Solution File, Format Version 12.00
# Visual Studio 2012
Project("{FAE04EC0-301F-11D3-BF4B-00C04F79EFBC}") = "ImageRecognition", "ImageRecognition\ImageRecognition.csproj", "{3C2E0E5B-7FF4-4C07-AF12-3C244363EF01}"
EndProject
Global
	GlobalSection(SolutionConfigurationPlatforms) = preSolution
		Debug|Any CPU = Debug|Any CPU
		Release|Any CPU = Release|Any CPU
	EndGlobalSection
	GlobalSection(ProjectConfigurationPlatforms) = postSolution
		{3C2E0E5B-7FF4-4C07-AF12-3C244363EF01}.Debug|Any CPU.ActiveCfg = Debug|Any CPU
		{3C2E0E5B-7FF4-4C07-AF12-3C244363EF01}.Debug|Any CPU.Build.0 = Debug|Any CPU
		{3C2E0E5B-7FF4-4C07-AF12-3C244363EF01}.Release|Any CPU.ActiveCfg = Release|Any CPU
		{3C2E0E5B-7FF4-4C07-AF12-3C244363EF01}.Release|Any CPU.Build.0 = Release|Any CPU
	EndGlobalSection
	GlobalSection(SolutionProperties) = preSolution
		HideSolutionNode = FALSE
	EndGlobalSection
EndGlobal
